
Microsoft Visual Studio Solution File, Format Version 11.00
# Visual Studio 2010
Project("{8BC9CEB8-8B4A-11D0-8D11-00A0C91BC942}") = "RegisterLSP", "RegisterLSP.vcxproj", "{665296F5-66F8-53CB-B915-714A333219AE}"
EndProject
Project("{8BC9CEB8-8B4A-11D0-8D11-00A0C91BC942}") = "NonIFSLSP", "..\nonifslsp\NonIFSLSP.vcxproj", "{27FFC01C-6D6B-21CE-4A70-8CA8B945D381}"
EndProject
Global
	GlobalSection(SolutionConfigurationPlatforms) = preSolution
		Debug|Win32 = Debug|Win32
		Release|Win32 = Release|Win32
		Template|Win32 = Template|Win32
	EndGlobalSection
	GlobalSection(ProjectConfigurationPlatforms) = postSolution
		{665296F5-66F8-53CB-B915-714A333219AE}.Debug|Win32.ActiveCfg = Debug|Win32
		{665296F5-66F8-53CB-B915-714A333219AE}.Debug|Win32.Build.0 = Debug|Win32
		{665296F5-66F8-53CB-B915-714A333219AE}.Release|Win32.ActiveCfg = Release|Win32
		{665296F5-66F8-53CB-B915-714A333219AE}.Release|Win32.Build.0 = Release|Win32
		{665296F5-66F8-53CB-B915-714A333219AE}.Template|Win32.ActiveCfg = Release|Win32
		{665296F5-66F8-53CB-B915-714A333219AE}.Template|Win32.Build.0 = Release|Win32
		{27FFC01C-6D6B-21CE-4A70-8CA8B945D381}.Debug|Win32.ActiveCfg = Debug|Win32
		{27FFC01C-6D6B-21CE-4A70-8CA8B945D381}.Debug|Win32.Build.0 = Debug|Win32
		{27FFC01C-6D6B-21CE-4A70-8CA8B945D381}.Release|Win32.ActiveCfg = Release|Win32
		{27FFC01C-6D6B-21CE-4A70-8CA8B945D381}.Release|Win32.Build.0 = Release|Win32
		{27FFC01C-6D6B-21CE-4A70-8CA8B945D381}.Template|Win32.ActiveCfg = Template|Win32
		{27FFC01C-6D6B-21CE-4A70-8CA8B945D381}.Template|Win32.Build.0 = Template|Win32
	EndGlobalSection
	GlobalSection(SolutionProperties) = preSolution
		HideSolutionNode = FALSE
	EndGlobalSection
EndGlobal
